
Microsoft Visual Studio Solution File, Format Version 12.00
# Visual Studio Version 16
VisualStudioVersion = 16.0.30907.101
MinimumVisualStudioVersion = 10.0.40219.1
Project("{FAE04EC0-301F-11D3-BF4B-00C04F79EFBC}") = "btd6 helper", "btd6 helper\btd6 helper.csproj", "{5303424C-37E9-44AC-9A92-5640F0E545E3}"
EndProject
Global
	GlobalSection(SolutionConfigurationPlatforms) = preSolution
		Debug|Any CPU = Debug|Any CPU
		Release|Any CPU = Release|Any CPU
	EndGlobalSection
	GlobalSection(ProjectConfigurationPlatforms) = postSolution
		{5303424C-37E9-44AC-9A92-5640F0E545E3}.Debug|Any CPU.ActiveCfg = Debug|Any CPU
		{5303424C-37E9-44AC-9A92-5640F0E545E3}.Debug|Any CPU.Build.0 = Debug|Any CPU
		{5303424C-37E9-44AC-9A92-5640F0E545E3}.Release|Any CPU.ActiveCfg = Release|Any CPU
		{5303424C-37E9-44AC-9A92-5640F0E545E3}.Release|Any CPU.Build.0 = Release|Any CPU
	EndGlobalSection
	GlobalSection(SolutionProperties) = preSolution
		HideSolutionNode = FALSE
	EndGlobalSection
	GlobalSection(ExtensibilityGlobals) = postSolution
		SolutionGuid = {A433C24D-19E0-4D9C-B3E8-84CAB92AA945}
	EndGlobalSection
EndGlobal
